// !$*UTF8*$!
{
	archiveVersion = 1;
	classes = {
	};
	objectVersion = 48;
	objects = {

/* Begin PBXBuildFile section */
		652EB47B214DC0BF00429B2C /* CoreLocation.framework in Frameworks */ = {isa = PBXBuildFile; fileRef = 652EB47A214DC0BF00429B2C /* CoreLocation.framework */; };
		65CD675420433AA30011107D /* AppDelegate.swift in Sources */ = {isa = PBXBuildFile; fileRef = 65CD675320433AA30011107D /* AppDelegate.swift */; };
		65CD675620433AA30011107D /* MapViewController.swift in Sources */ = {isa = PBXBuildFile; fileRef = 65CD675520433AA30011107D /* MapViewController.swift */; };
		65CD675920433AA30011107D /* Main.storyboard in Resources */ = {isa = PBXBuildFile; fileRef = 65CD675720433AA30011107D /* Main.storyboard */; };
		65CD675C20433AA30011107D /* Virtual_Tourist.xcdatamodeld in Sources */ = {isa = PBXBuildFile; fileRef = 65CD675A20433AA30011107D /* Virtual_Tourist.xcdatamodeld */; };
		65CD675E20433AA30011107D /* Assets.xcassets in Resources */ = {isa = PBXBuildFile; fileRef = 65CD675D20433AA30011107D /* Assets.xcassets */; };
		65CD676120433AA30011107D /* LaunchScreen.storyboard in Resources */ = {isa = PBXBuildFile; fileRef = 65CD675F20433AA30011107D /* LaunchScreen.storyboard */; };
		65CD676C20433AA30011107D /* Virtual_TouristTests.swift in Sources */ = {isa = PBXBuildFile; fileRef = 65CD676B20433AA30011107D /* Virtual_TouristTests.swift */; };
		65CD677720433AA30011107D /* Virtual_TouristUITests.swift in Sources */ = {isa = PBXBuildFile; fileRef = 65CD677620433AA30011107D /* Virtual_TouristUITests.swift */; };
		65CD678620433FA70011107D /* MapKit.framework in Frameworks */ = {isa = PBXBuildFile; fileRef = 65CD678520433FA70011107D /* MapKit.framework */; };
		65CD678D20434C930011107D /* PhotosViewController.swift in Sources */ = {isa = PBXBuildFile; fileRef = 65CD678C20434C930011107D /* PhotosViewController.swift */; };
		65CD6791204352690011107D /* DetailViewController.swift in Sources */ = {isa = PBXBuildFile; fileRef = 65CD6790204352690011107D /* DetailViewController.swift */; };
		65CD67952043755C0011107D /* PhotoCollectionViewCell.swift in Sources */ = {isa = PBXBuildFile; fileRef = 65CD67942043755C0011107D /* PhotoCollectionViewCell.swift */; };
		65CD679920437EBB0011107D /* FlickrClient.swift in Sources */ = {isa = PBXBuildFile; fileRef = 65CD679820437EBB0011107D /* FlickrClient.swift */; };
		65CD679B20437F5E0011107D /* FlickrConstants.swift in Sources */ = {isa = PBXBuildFile; fileRef = 65CD679A20437F5E0011107D /* FlickrConstants.swift */; };
		65CD679D20437FFE0011107D /* FlickrConvenience.swift in Sources */ = {isa = PBXBuildFile; fileRef = 65CD679C20437FFE0011107D /* FlickrConvenience.swift */; };
		65CD679F20438CEF0011107D /* GCDBlackBox.swift in Sources */ = {isa = PBXBuildFile; fileRef = 65CD679E20438CEF0011107D /* GCDBlackBox.swift */; };
		65CD67A1204396C20011107D /* DataController.swift in Sources */ = {isa = PBXBuildFile; fileRef = 65CD67A0204396C20011107D /* DataController.swift */; };
/* End PBXBuildFile section */

/* Begin PBXContainerItemProxy section */
		65CD676820433AA30011107D /* PBXContainerItemProxy */ = {
			isa = PBXContainerItemProxy;
			containerPortal = 65CD674820433AA30011107D /* Project object */;
			proxyType = 1;
			remoteGlobalIDString = 65CD674F20433AA30011107D;
			remoteInfo = "Virtual Tourist";
		};
		65CD677320433AA30011107D /* PBXContainerItemProxy */ = {
			isa = PBXContainerItemProxy;
			containerPortal = 65CD674820433AA30011107D /* Project object */;
			proxyType = 1;
			remoteGlobalIDString = 65CD674F20433AA30011107D;
			remoteInfo = "Virtual Tourist";
		};
/* End PBXContainerItemProxy section */

/* Begin PBXFileReference section */
		652EB47A214DC0BF00429B2C /* CoreLocation.framework */ = {isa = PBXFileReference; lastKnownFileType = wrapper.framework; name = CoreLocation.framework; path = System/Library/Frameworks/CoreLocation.framework; sourceTree = SDKROOT; };
		65CD675020433AA30011107D /* Virtual Tourist.app */ = {isa = PBXFileReference; explicitFileType = wrapper.application; includeInIndex = 0; path = "Virtual Tourist.app"; sourceTree = BUILT_PRODUCTS_DIR; };
		65CD675320433AA30011107D /* AppDelegate.swift */ = {isa = PBXFileReference; lastKnownFileType = sourcecode.swift; path = AppDelegate.swift; sourceTree = "<group>"; };
		65CD675520433AA30011107D /* MapViewController.swift */ = {isa = PBXFileReference; lastKnownFileType = sourcecode.swift; path = MapViewController.swift; sourceTree = "<group>"; };
		65CD675820433AA30011107D /* Base */ = {isa = PBXFileReference; lastKnownFileType = file.storyboard; name = Base; path = Base.lproj/Main.storyboard; sourceTree = "<group>"; };
		65CD675B20433AA30011107D /* Virtual_Tourist.xcdatamodel */ = {isa = PBXFileReference; lastKnownFileType = wrapper.xcdatamodel; path = Virtual_Tourist.xcdatamodel; sourceTree = "<group>"; };
		65CD675D20433AA30011107D /* Assets.xcassets */ = {isa = PBXFileReference; lastKnownFileType = folder.assetcatalog; path = Assets.xcassets; sourceTree = "<group>"; };
		65CD676020433AA30011107D /* Base */ = {isa = PBXFileReference; lastKnownFileType = file.storyboard; name = Base; path = Base.lproj/LaunchScreen.storyboard; sourceTree = "<group>"; };
		65CD676220433AA30011107D /* Info.plist */ = {isa = PBXFileReference; lastKnownFileType = text.plist.xml; path = Info.plist; sourceTree = "<group>"; };
		65CD676720433AA30011107D /* Virtual TouristTests.xctest */ = {isa = PBXFileReference; explicitFileType = wrapper.cfbundle; includeInIndex = 0; path = "Virtual TouristTests.xctest"; sourceTree = BUILT_PRODUCTS_DIR; };
		65CD676B20433AA30011107D /* Virtual_TouristTests.swift */ = {isa = PBXFileReference; lastKnownFileType = sourcecode.swift; path = Virtual_TouristTests.swift; sourceTree = "<group>"; };
		65CD676D20433AA30011107D /* Info.plist */ = {isa = PBXFileReference; lastKnownFileType = text.plist.xml; path = Info.plist; sourceTree = "<group>"; };
		65CD677220433AA30011107D /* Virtual TouristUITests.xctest */ = {isa = PBXFileReference; explicitFileType = wrapper.cfbundle; includeInIndex = 0; path = "Virtual TouristUITests.xctest"; sourceTree = BUILT_PRODUCTS_DIR; };
		65CD677620433AA30011107D /* Virtual_TouristUITests.swift */ = {isa = PBXFileReference; lastKnownFileType = sourcecode.swift; path = Virtual_TouristUITests.swift; sourceTree = "<group>"; };
		65CD677820433AA30011107D /* Info.plist */ = {isa = PBXFileReference; lastKnownFileType = text.plist.xml; path = Info.plist; sourceTree = "<group>"; };
		65CD678520433FA70011107D /* MapKit.framework */ = {isa = PBXFileReference; lastKnownFileType = wrapper.framework; name = MapKit.framework; path = System/Library/Frameworks/MapKit.framework; sourceTree = SDKROOT; };
		65CD678C20434C930011107D /* PhotosViewController.swift */ = {isa = PBXFileReference; lastKnownFileType = sourcecode.swift; path = PhotosViewController.swift; sourceTree = "<group>"; };
		65CD6790204352690011107D /* DetailViewController.swift */ = {isa = PBXFileReference; lastKnownFileType = sourcecode.swift; path = DetailViewController.swift; sourceTree = "<group>"; };
		65CD67942043755C0011107D /* PhotoCollectionViewCell.swift */ = {isa = PBXFileReference; lastKnownFileType = sourcecode.swift; path = PhotoCollectionViewCell.swift; sourceTree = "<group>"; };
		65CD679820437EBB0011107D /* FlickrClient.swift */ = {isa = PBXFileReference; lastKnownFileType = sourcecode.swift; path = FlickrClient.swift; sourceTree = "<group>"; };
		65CD679A20437F5E0011107D /* FlickrConstants.swift */ = {isa = PBXFileReference; lastKnownFileType = sourcecode.swift; path = FlickrConstants.swift; sourceTree = "<group>"; };
		65CD679C20437FFE0011107D /* FlickrConvenience.swift */ = {isa = PBXFileReference; lastKnownFileType = sourcecode.swift; path = FlickrConvenience.swift; sourceTree = "<group>"; };
		65CD679E20438CEF0011107D /* GCDBlackBox.swift */ = {isa = PBXFileReference; lastKnownFileType = sourcecode.swift; path = GCDBlackBox.swift; sourceTree = "<group>"; };
		65CD67A0204396C20011107D /* DataController.swift */ = {isa = PBXFileReference; lastKnownFileType = sourcecode.swift; path = DataController.swift; sourceTree = "<group>"; };
/* End PBXFileReference section */

/* Begin PBXFrameworksBuildPhase section */
		65CD674D20433AA30011107D /* Frameworks */ = {
			isa = PBXFrameworksBuildPhase;
			buildActionMask = 2147483647;
			files = (
				652EB47B214DC0BF00429B2C /* CoreLocation.framework in Frameworks */,
				65CD678620433FA70011107D /* MapKit.framework in Frameworks */,
			);
			runOnlyForDeploymentPostprocessing = 0;
		};
		65CD676420433AA30011107D /* Frameworks */ = {
			isa = PBXFrameworksBuildPhase;
			buildActionMask = 2147483647;
			files = (
			);
			runOnlyForDeploymentPostprocessing = 0;
		};
		65CD676F20433AA30011107D /* Frameworks */ = {
			isa = PBXFrameworksBuildPhase;
			buildActionMask = 2147483647;
			files = (
			);
			runOnlyForDeploymentPostprocessing = 0;
		};
/* End PBXFrameworksBuildPhase section */

/* Begin PBXGroup section */
		65CD674720433AA30011107D = {
			isa = PBXGroup;
			children = (
				65CD675220433AA30011107D /* Virtual Tourist */,
				65CD676A20433AA30011107D /* Virtual TouristTests */,
				65CD677520433AA30011107D /* Virtual TouristUITests */,
				65CD675120433AA30011107D /* Products */,
				65CD678420433FA70011107D /* Frameworks */,
			);
			sourceTree = "<group>";
		};
		65CD675120433AA30011107D /* Products */ = {
			isa = PBXGroup;
			children = (
				65CD675020433AA30011107D /* Virtual Tourist.app */,
				65CD676720433AA30011107D /* Virtual TouristTests.xctest */,
				65CD677220433AA30011107D /* Virtual TouristUITests.xctest */,
			);
			name = Products;
			sourceTree = "<group>";
		};
		65CD675220433AA30011107D /* Virtual Tourist */ = {
			isa = PBXGroup;
			children = (
				65CD675320433AA30011107D /* AppDelegate.swift */,
				65CD679E20438CEF0011107D /* GCDBlackBox.swift */,
				65CD675720433AA30011107D /* Main.storyboard */,
				65CD678720434C000011107D /* Model */,
				65CD678820434C070011107D /* View */,
				65CD678920434C0D0011107D /* Controller */,
				65CD675D20433AA30011107D /* Assets.xcassets */,
				65CD675F20433AA30011107D /* LaunchScreen.storyboard */,
				65CD676220433AA30011107D /* Info.plist */,
			);
			path = "Virtual Tourist";
			sourceTree = "<group>";
		};
		65CD676A20433AA30011107D /* Virtual TouristTests */ = {
			isa = PBXGroup;
			children = (
				65CD676B20433AA30011107D /* Virtual_TouristTests.swift */,
				65CD676D20433AA30011107D /* Info.plist */,
			);
			path = "Virtual TouristTests";
			sourceTree = "<group>";
		};
		65CD677520433AA30011107D /* Virtual TouristUITests */ = {
			isa = PBXGroup;
			children = (
				65CD677620433AA30011107D /* Virtual_TouristUITests.swift */,
				65CD677820433AA30011107D /* Info.plist */,
			);
			path = "Virtual TouristUITests";
			sourceTree = "<group>";
		};
		65CD678420433FA70011107D /* Frameworks */ = {
			isa = PBXGroup;
			children = (
				652EB47A214DC0BF00429B2C /* CoreLocation.framework */,
				65CD678520433FA70011107D /* MapKit.framework */,
			);
			name = Frameworks;
			sourceTree = "<group>";
		};
		65CD678720434C000011107D /* Model */ = {
			isa = PBXGroup;
			children = (
				65CD675A20433AA30011107D /* Virtual_Tourist.xcdatamodeld */,
				65CD67A0204396C20011107D /* DataController.swift */,
				65CD678A20434C580011107D /* Clients */,
			);
			path = Model;
			sourceTree = "<group>";
		};
		65CD678820434C070011107D /* View */ = {
			isa = PBXGroup;
			children = (
				65CD67942043755C0011107D /* PhotoCollectionViewCell.swift */,
			);
			path = View;
			sourceTree = "<group>";
		};
		65CD678920434C0D0011107D /* Controller */ = {
			isa = PBXGroup;
			children = (
				65CD675520433AA30011107D /* MapViewController.swift */,
				65CD678C20434C930011107D /* PhotosViewController.swift */,
				65CD6790204352690011107D /* DetailViewController.swift */,
			);
			path = Controller;
			sourceTree = "<group>";
		};
		65CD678A20434C580011107D /* Clients */ = {
			isa = PBXGroup;
			children = (
				65CD678B20434C5F0011107D /* Flickr */,
			);
			path = Clients;
			sourceTree = "<group>";
		};
		65CD678B20434C5F0011107D /* Flickr */ = {
			isa = PBXGroup;
			children = (
				65CD679820437EBB0011107D /* FlickrClient.swift */,
				65CD679A20437F5E0011107D /* FlickrConstants.swift */,
				65CD679C20437FFE0011107D /* FlickrConvenience.swift */,
			);
			path = Flickr;
			sourceTree = "<group>";
		};
/* End PBXGroup section */

/* Begin PBXNativeTarget section */
		65CD674F20433AA30011107D /* Virtual Tourist */ = {
			isa = PBXNativeTarget;
			buildConfigurationList = 65CD677B20433AA30011107D /* Build configuration list for PBXNativeTarget "Virtual Tourist" */;
			buildPhases = (
				65CD674C20433AA30011107D /* Sources */,
				65CD674D20433AA30011107D /* Frameworks */,
				65CD674E20433AA30011107D /* Resources */,
			);
			buildRules = (
			);
			dependencies = (
			);
			name = "Virtual Tourist";
			productName = "Virtual Tourist";
			productReference = 65CD675020433AA30011107D /* Virtual Tourist.app */;
			productType = "com.apple.product-type.application";
		};
		65CD676620433AA30011107D /* Virtual TouristTests */ = {
			isa = PBXNativeTarget;
			buildConfigurationList = 65CD677E20433AA30011107D /* Build configuration list for PBXNativeTarget "Virtual TouristTests" */;
			buildPhases = (
				65CD676320433AA30011107D /* Sources */,
				65CD676420433AA30011107D /* Frameworks */,
				65CD676520433AA30011107D /* Resources */,
			);
			buildRules = (
			);
			dependencies = (
				65CD676920433AA30011107D /* PBXTargetDependency */,
			);
			name = "Virtual TouristTests";
			productName = "Virtual TouristTests";
			productReference = 65CD676720433AA30011107D /* Virtual TouristTests.xctest */;
			productType = "com.apple.product-type.bundle.unit-test";
		};
		65CD677120433AA30011107D /* Virtual TouristUITests */ = {
			isa = PBXNativeTarget;
			buildConfigurationList = 65CD678120433AA30011107D /* Build configuration list for PBXNativeTarget "Virtual TouristUITests" */;
			buildPhases = (
				65CD676E20433AA30011107D /* Sources */,
				65CD676F20433AA30011107D /* Frameworks */,
				65CD677020433AA30011107D /* Resources */,
			);
			buildRules = (
			);
			dependencies = (
				65CD677420433AA30011107D /* PBXTargetDependency */,
			);
			name = "Virtual TouristUITests";
			productName = "Virtual TouristUITests";
			productReference = 65CD677220433AA30011107D /* Virtual TouristUITests.xctest */;
			productType = "com.apple.product-type.bundle.ui-testing";
		};
/* End PBXNativeTarget section */

/* Begin PBXProject section */
		65CD674820433AA30011107D /* Project object */ = {
			isa = PBXProject;
			attributes = {
				LastSwiftUpdateCheck = 0920;
				LastUpgradeCheck = 0940;
				ORGANIZATIONNAME = "Vineet Joshi";
				TargetAttributes = {
					65CD674F20433AA30011107D = {
						CreatedOnToolsVersion = 9.2;
						LastSwiftMigration = 1000;
						ProvisioningStyle = Automatic;
						SystemCapabilities = {
							com.apple.Maps.iOS = {
								enabled = 1;
							};
						};
					};
					65CD676620433AA30011107D = {
						CreatedOnToolsVersion = 9.2;
						LastSwiftMigration = 1000;
						ProvisioningStyle = Automatic;
						TestTargetID = 65CD674F20433AA30011107D;
					};
					65CD677120433AA30011107D = {
						CreatedOnToolsVersion = 9.2;
						LastSwiftMigration = 1000;
						ProvisioningStyle = Automatic;
						TestTargetID = 65CD674F20433AA30011107D;
					};
				};
			};
			buildConfigurationList = 65CD674B20433AA30011107D /* Build configuration list for PBXProject "Virtual Tourist" */;
			compatibilityVersion = "Xcode 8.0";
			developmentRegion = en;
			hasScannedForEncodings = 0;
			knownRegions = (
				en,
				Base,
			);
			mainGroup = 65CD674720433AA30011107D;
			productRefGroup = 65CD675120433AA30011107D /* Products */;
			projectDirPath = "";
			projectRoot = "";
			targets = (
				65CD674F20433AA30011107D /* Virtual Tourist */,
				65CD676620433AA30011107D /* Virtual TouristTests */,
				65CD677120433AA30011107D /* Virtual TouristUITests */,
			);
		};
/* End PBXProject section */

/* Begin PBXResourcesBuildPhase section */
		65CD674E20433AA30011107D /* Resources */ = {
			isa = PBXResourcesBuildPhase;
			buildActionMask = 2147483647;
			files = (
				65CD676120433AA30011107D /* LaunchScreen.storyboard in Resources */,
				65CD675E20433AA30011107D /* Assets.xcassets in Resources */,
				65CD675920433AA30011107D /* Main.storyboard in Resources */,
			);
			runOnlyForDeploymentPostprocessing = 0;
		};
		65CD676520433AA30011107D /* Resources */ = {
			isa = PBXResourcesBuildPhase;
			buildActionMask = 2147483647;
			files = (
			);
			runOnlyForDeploymentPostprocessing = 0;
		};
		65CD677020433AA30011107D /* Resources */ = {
			isa = PBXResourcesBuildPhase;
			buildActionMask = 2147483647;
			files = (
			);
			runOnlyForDeploymentPostprocessing = 0;
		};
/* End PBXResourcesBuildPhase section */

/* Begin PBXSourcesBuildPhase section */
		65CD674C20433AA30011107D /* Sources */ = {
			isa = PBXSourcesBuildPhase;
			buildActionMask = 2147483647;
			files = (
				65CD675620433AA30011107D /* MapViewController.swift in Sources */,
				65CD679920437EBB0011107D /* FlickrClient.swift in Sources */,
				65CD679D20437FFE0011107D /* FlickrConvenience.swift in Sources */,
				65CD67952043755C0011107D /* PhotoCollectionViewCell.swift in Sources */,
				65CD679B20437F5E0011107D /* FlickrConstants.swift in Sources */,
				65CD678D20434C930011107D /* PhotosViewController.swift in Sources */,
				65CD67A1204396C20011107D /* DataController.swift in Sources */,
				65CD6791204352690011107D /* DetailViewController.swift in Sources */,
				65CD675C20433AA30011107D /* Virtual_Tourist.xcdatamodeld in Sources */,
				65CD675420433AA30011107D /* AppDelegate.swift in Sources */,
				65CD679F20438CEF0011107D /* GCDBlackBox.swift in Sources */,
			);
			runOnlyForDeploymentPostprocessing = 0;
		};
		65CD676320433AA30011107D /* Sources */ = {
			isa = PBXSourcesBuildPhase;
			buildActionMask = 2147483647;
			files = (
				65CD676C20433AA30011107D /* Virtual_TouristTests.swift in Sources */,
			);
			runOnlyForDeploymentPostprocessing = 0;
		};
		65CD676E20433AA30011107D /* Sources */ = {
			isa = PBXSourcesBuildPhase;
			buildActionMask = 2147483647;
			files = (
				65CD677720433AA30011107D /* Virtual_TouristUITests.swift in Sources */,
			);
			runOnlyForDeploymentPostprocessing = 0;
		};
/* End PBXSourcesBuildPhase section */

/* Begin PBXTargetDependency section */
		65CD676920433AA30011107D /* PBXTargetDependency */ = {
			isa = PBXTargetDependency;
			target = 65CD674F20433AA30011107D /* Virtual Tourist */;
			targetProxy = 65CD676820433AA30011107D /* PBXContainerItemProxy */;
		};
		65CD677420433AA30011107D /* PBXTargetDependency */ = {
			isa = PBXTargetDependency;
			target = 65CD674F20433AA30011107D /* Virtual Tourist */;
			targetProxy = 65CD677320433AA30011107D /* PBXContainerItemProxy */;
		};
/* End PBXTargetDependency section */

/* Begin PBXVariantGroup section */
		65CD675720433AA30011107D /* Main.storyboard */ = {
			isa = PBXVariantGroup;
			children = (
				65CD675820433AA30011107D /* Base */,
			);
			name = Main.storyboard;
			sourceTree = "<group>";
		};
		65CD675F20433AA30011107D /* LaunchScreen.storyboard */ = {
			isa = PBXVariantGroup;
			children = (
				65CD676020433AA30011107D /* Base */,
			);
			name = LaunchScreen.storyboard;
			sourceTree = "<group>";
		};
/* End PBXVariantGroup section */

/* Begin XCBuildConfiguration section */
		65CD677920433AA30011107D /* Debug */ = {
			isa = XCBuildConfiguration;
			buildSettings = {
				ALWAYS_SEARCH_USER_PATHS = NO;
				CLANG_ANALYZER_NONNULL = YES;
				CLANG_ANALYZER_NUMBER_OBJECT_CONVERSION = YES_AGGRESSIVE;
				CLANG_CXX_LANGUAGE_STANDARD = "gnu++14";
				CLANG_CXX_LIBRARY = "libc++";
				CLANG_ENABLE_MODULES = YES;
				CLANG_ENABLE_OBJC_ARC = YES;
				CLANG_WARN_BLOCK_CAPTURE_AUTORELEASING = YES;
				CLANG_WARN_BOOL_CONVERSION = YES;
				CLANG_WARN_COMMA = YES;
				CLANG_WARN_CONSTANT_CONVERSION = YES;
				CLANG_WARN_DEPRECATED_OBJC_IMPLEMENTATIONS = YES;
				CLANG_WARN_DIRECT_OBJC_ISA_USAGE = YES_ERROR;
				CLANG_WARN_DOCUMENTATION_COMMENTS = YES;
				CLANG_WARN_EMPTY_BODY = YES;
				CLANG_WARN_ENUM_CONVERSION = YES;
				CLANG_WARN_INFINITE_RECURSION = YES;
				CLANG_WARN_INT_CONVERSION = YES;
				CLANG_WARN_NON_LITERAL_NULL_CONVERSION = YES;
				CLANG_WARN_OBJC_IMPLICIT_RETAIN_SELF = YES;
				CLANG_WARN_OBJC_LITERAL_CONVERSION = YES;
				CLANG_WARN_OBJC_ROOT_CLASS = YES_ERROR;
				CLANG_WARN_RANGE_LOOP_ANALYSIS = YES;
				CLANG_WARN_STRICT_PROTOTYPES = YES;
				CLANG_WARN_SUSPICIOUS_MOVE = YES;
				CLANG_WARN_UNGUARDED_AVAILABILITY = YES_AGGRESSIVE;
				CLANG_WARN_UNREACHABLE_CODE = YES;
				CLANG_WARN__DUPLICATE_METHOD_MATCH = YES;
				CODE_SIGN_IDENTITY = "iPhone Developer";
				COPY_PHASE_STRIP = NO;
				DEBUG_INFORMATION_FORMAT = dwarf;
				ENABLE_STRICT_OBJC_MSGSEND = YES;
				ENABLE_TESTABILITY = YES;
				GCC_C_LANGUAGE_STANDARD = gnu11;
				GCC_DYNAMIC_NO_PIC = NO;
				GCC_NO_COMMON_BLOCKS = YES;
				GCC_OPTIMIZATION_LEVEL = 0;
				GCC_PREPROCESSOR_DEFINITIONS = (
					"DEBUG=1",
					"$(inherited)",
				);
				GCC_WARN_64_TO_32_BIT_CONVERSION = YES;
				GCC_WARN_ABOUT_RETURN_TYPE = YES_ERROR;
				GCC_WARN_UNDECLARED_SELECTOR = YES;
				GCC_WARN_UNINITIALIZED_AUTOS = YES_AGGRESSIVE;
				GCC_WARN_UNUSED_FUNCTION = YES;
				GCC_WARN_UNUSED_VARIABLE = YES;
				IPHONEOS_DEPLOYMENT_TARGET = 10.3;
				MTL_ENABLE_DEBUG_INFO = YES;
				ONLY_ACTIVE_ARCH = YES;
				SDKROOT = iphoneos;
				SWIFT_ACTIVE_COMPILATION_CONDITIONS = DEBUG;
				SWIFT_OPTIMIZATION_LEVEL = "-Onone";
			};
			name = Debug;
		};
		65CD677A20433AA30011107D /* Release */ = {
			isa = XCBuildConfiguration;
			buildSettings = {
				ALWAYS_SEARCH_USER_PATHS = NO;
				CLANG_ANALYZER_NONNULL = YES;
				CLANG_ANALYZER_NUMBER_OBJECT_CONVERSION = YES_AGGRESSIVE;
				CLANG_CXX_LANGUAGE_STANDARD = "gnu++14";
				CLANG_CXX_LIBRARY = "libc++";
				CLANG_ENABLE_MODULES = YES;
				CLANG_ENABLE_OBJC_ARC = YES;
				CLANG_WARN_BLOCK_CAPTURE_AUTORELEASING = YES;
				CLANG_WARN_BOOL_CONVERSION = YES;
				CLANG_WARN_COMMA = YES;
				CLANG_WARN_CONSTANT_CONVERSION = YES;
				CLANG_WARN_DEPRECATED_OBJC_IMPLEMENTATIONS = YES;
				CLANG_WARN_DIRECT_OBJC_ISA_USAGE = YES_ERROR;
				CLANG_WARN_DOCUMENTATION_COMMENTS = YES;
				CLANG_WARN_EMPTY_BODY = YES;
				CLANG_WARN_ENUM_CONVERSION = YES;
				CLANG_WARN_INFINITE_RECURSION = YES;
				CLANG_WARN_INT_CONVERSION = YES;
				CLANG_WARN_NON_LITERAL_NULL_CONVERSION = YES;
				CLANG_WARN_OBJC_IMPLICIT_RETAIN_SELF = YES;
				CLANG_WARN_OBJC_LITERAL_CONVERSION = YES;
				CLANG_WARN_OBJC_ROOT_CLASS = YES_ERROR;
				CLANG_WARN_RANGE_LOOP_ANALYSIS = YES;
				CLANG_WARN_STRICT_PROTOTYPES = YES;
				CLANG_WARN_SUSPICIOUS_MOVE = YES;
				CLANG_WARN_UNGUARDED_AVAILABILITY = YES_AGGRESSIVE;
				CLANG_WARN_UNREACHABLE_CODE = YES;
				CLANG_WARN__DUPLICATE_METHOD_MATCH = YES;
				CODE_SIGN_IDENTITY = "iPhone Developer";
				COPY_PHASE_STRIP = NO;
				DEBUG_INFORMATION_FORMAT = "dwarf-with-dsym";
				ENABLE_NS_ASSERTIONS = NO;
				ENABLE_STRICT_OBJC_MSGSEND = YES;
				GCC_C_LANGUAGE_STANDARD = gnu11;
				GCC_NO_COMMON_BLOCKS = YES;
				GCC_WARN_64_TO_32_BIT_CONVERSION = YES;
				GCC_WARN_ABOUT_RETURN_TYPE = YES_ERROR;
				GCC_WARN_UNDECLARED_SELECTOR = YES;
				GCC_WARN_UNINITIALIZED_AUTOS = YES_AGGRESSIVE;
				GCC_WARN_UNUSED_FUNCTION = YES;
				GCC_WARN_UNUSED_VARIABLE = YES;
				IPHONEOS_DEPLOYMENT_TARGET = 10.3;
				MTL_ENABLE_DEBUG_INFO = NO;
				SDKROOT = iphoneos;
				SWIFT_OPTIMIZATION_LEVEL = "-Owholemodule";
				VALIDATE_PRODUCT = YES;
			};
			name = Release;
		};
		65CD677C20433AA30011107D /* Debug */ = {
			isa = XCBuildConfiguration;
			buildSettings = {
				ASSETCATALOG_COMPILER_APPICON_NAME = AppIcon;
				CODE_SIGN_STYLE = Automatic;
				DEVELOPMENT_TEAM = C9R438Z887;
				INFOPLIST_FILE = "Virtual Tourist/Info.plist";
				IPHONEOS_DEPLOYMENT_TARGET = 10.3;
				LD_RUNPATH_SEARCH_PATHS = "$(inherited) @executable_path/Frameworks";
				PRODUCT_BUNDLE_IDENTIFIER = "vineet0713.Cyber-Tourist";
				PRODUCT_NAME = "$(TARGET_NAME)";
				SWIFT_VERSION = 4.2;
				TARGETED_DEVICE_FAMILY = "1,2";
			};
			name = Debug;
		};
		65CD677D20433AA30011107D /* Release */ = {
			isa = XCBuildConfiguration;
			buildSettings = {
				ASSETCATALOG_COMPILER_APPICON_NAME = AppIcon;
				CODE_SIGN_STYLE = Automatic;
				DEVELOPMENT_TEAM = C9R438Z887;
				INFOPLIST_FILE = "Virtual Tourist/Info.plist";
				IPHONEOS_DEPLOYMENT_TARGET = 10.3;
				LD_RUNPATH_SEARCH_PATHS = "$(inherited) @executable_path/Frameworks";
				PRODUCT_BUNDLE_IDENTIFIER = "vineet0713.Cyber-Tourist";
				PRODUCT_NAME = "$(TARGET_NAME)";
				SWIFT_VERSION = 4.2;
				TARGETED_DEVICE_FAMILY = "1,2";
			};
			name = Release;
		};
		65CD677F20433AA30011107D /* Debug */ = {
			isa = XCBuildConfiguration;
			buildSettings = {
				ALWAYS_EMBED_SWIFT_STANDARD_LIBRARIES = YES;
				BUNDLE_LOADER = "$(TEST_HOST)";
				CODE_SIGN_STYLE = Automatic;
				DEVELOPMENT_TEAM = C9R438Z887;
				INFOPLIST_FILE = "Virtual TouristTests/Info.plist";
				LD_RUNPATH_SEARCH_PATHS = "$(inherited) @executable_path/Frameworks @loader_path/Frameworks";
				PRODUCT_BUNDLE_IDENTIFIER = "vineet0713.Virtual-TouristTests";
				PRODUCT_NAME = "$(TARGET_NAME)";
				SWIFT_VERSION = 4.2;
				TARGETED_DEVICE_FAMILY = "1,2";
				TEST_HOST = "$(BUILT_PRODUCTS_DIR)/Virtual Tourist.app/Virtual Tourist";
			};
			name = Debug;
		};
		65CD678020433AA30011107D /* Release */ = {
			isa = XCBuildConfiguration;
			buildSettings = {
				ALWAYS_EMBED_SWIFT_STANDARD_LIBRARIES = YES;
				BUNDLE_LOADER = "$(TEST_HOST)";
				CODE_SIGN_STYLE = Automatic;
				DEVELOPMENT_TEAM = C9R438Z887;
				INFOPLIST_FILE = "Virtual TouristTests/Info.plist";
				LD_RUNPATH_SEARCH_PATHS = "$(inherited) @executable_path/Frameworks @loader_path/Frameworks";
				PRODUCT_BUNDLE_IDENTIFIER = "vineet0713.Virtual-TouristTests";
				PRODUCT_NAME = "$(TARGET_NAME)";
				SWIFT_VERSION = 4.2;
				TARGETED_DEVICE_FAMILY = "1,2";
				TEST_HOST = "$(BUILT_PRODUCTS_DIR)/Virtual Tourist.app/Virtual Tourist";
			};
			name = Release;
		};
		65CD678220433AA30011107D /* Debug */ = {
			isa = XCBuildConfiguration;
			buildSettings = {
				ALWAYS_EMBED_SWIFT_STANDARD_LIBRARIES = YES;
				CODE_SIGN_STYLE = Automatic;
				DEVELOPMENT_TEAM = C9R438Z887;
				INFOPLIST_FILE = "Virtual TouristUITests/Info.plist";
				LD_RUNPATH_SEARCH_PATHS = "$(inherited) @executable_path/Frameworks @loader_path/Frameworks";
				PRODUCT_BUNDLE_IDENTIFIER = "vineet0713.Virtual-TouristUITests";
				PRODUCT_NAME = "$(TARGET_NAME)";
				SWIFT_VERSION = 4.2;
				TARGETED_DEVICE_FAMILY = "1,2";
				TEST_TARGET_NAME = "Virtual Tourist";
			};
			name = Debug;
		};
		65CD678320433AA30011107D /* Release */ = {
			isa = XCBuildConfiguration;
			buildSettings = {
				ALWAYS_EMBED_SWIFT_STANDARD_LIBRARIES = YES;
				CODE_SIGN_STYLE = Automatic;
				DEVELOPMENT_TEAM = C9R438Z887;
				INFOPLIST_FILE = "Virtual TouristUITests/Info.plist";
				LD_RUNPATH_SEARCH_PATHS = "$(inherited) @executable_path/Frameworks @loader_path/Frameworks";
				PRODUCT_BUNDLE_IDENTIFIER = "vineet0713.Virtual-TouristUITests";
				PRODUCT_NAME = "$(TARGET_NAME)";
				SWIFT_VERSION = 4.2;
				TARGETED_DEVICE_FAMILY = "1,2";
				TEST_TARGET_NAME = "Virtual Tourist";
			};
			name = Release;
		};
/* End XCBuildConfiguration section */

/* Begin XCConfigurationList section */
		65CD674B20433AA30011107D /* Build configuration list for PBXProject "Virtual Tourist" */ = {
			isa = XCConfigurationList;
			buildConfigurations = (
				65CD677920433AA30011107D /* Debug */,
				65CD677A20433AA30011107D /* Release */,
			);
			defaultConfigurationIsVisible = 0;
			defaultConfigurationName = Release;
		};
		65CD677B20433AA30011107D /* Build configuration list for PBXNativeTarget "Virtual Tourist" */ = {
			isa = XCConfigurationList;
			buildConfigurations = (
				65CD677C20433AA30011107D /* Debug */,
				65CD677D20433AA30011107D /* Release */,
			);
			defaultConfigurationIsVisible = 0;
			defaultConfigurationName = Release;
		};
		65CD677E20433AA30011107D /* Build configuration list for PBXNativeTarget "Virtual TouristTests" */ = {
			isa = XCConfigurationList;
			buildConfigurations = (
				65CD677F20433AA30011107D /* Debug */,
				65CD678020433AA30011107D /* Release */,
			);
			defaultConfigurationIsVisible = 0;
			defaultConfigurationName = Release;
		};
		65CD678120433AA30011107D /* Build configuration list for PBXNativeTarget "Virtual TouristUITests" */ = {
			isa = XCConfigurationList;
			buildConfigurations = (
				65CD678220433AA30011107D /* Debug */,
				65CD678320433AA30011107D /* Release */,
			);
			defaultConfigurationIsVisible = 0;
			defaultConfigurationName = Release;
		};
/* End XCConfigurationList section */

/* Begin XCVersionGroup section */
		65CD675A20433AA30011107D /* Virtual_Tourist.xcdatamodeld */ = {
			isa = XCVersionGroup;
			children = (
				65CD675B20433AA30011107D /* Virtual_Tourist.xcdatamodel */,
			);
			currentVersion = 65CD675B20433AA30011107D /* Virtual_Tourist.xcdatamodel */;
			path = Virtual_Tourist.xcdatamodeld;
			sourceTree = "<group>";
			versionGroupType = wrapper.xcdatamodel;
		};
/* End XCVersionGroup section */
	};
	rootObject = 65CD674820433AA30011107D /* Project object */;
}
